// !$*UTF8*$!
{
	archiveVersion = 1;
	classes = {
	};
	objectVersion = 46;
	objects = {

/* Begin PBXBuildFile section */
		209EA011342482AB2477F986 /* Pods_emeraldHail.framework in Frameworks */ = {isa = PBXBuildFile; fileRef = D4BA12601A0F16DED58FEC5E /* Pods_emeraldHail.framework */; };
		AA9FFBB81DDA667500847FCF /* AppDelegate.swift in Sources */ = {isa = PBXBuildFile; fileRef = AA9FFBB71DDA667500847FCF /* AppDelegate.swift */; };
		AA9FFBBA1DDA667500847FCF /* ViewController.swift in Sources */ = {isa = PBXBuildFile; fileRef = AA9FFBB91DDA667500847FCF /* ViewController.swift */; };
		AA9FFBBD1DDA667500847FCF /* Main.storyboard in Resources */ = {isa = PBXBuildFile; fileRef = AA9FFBBB1DDA667500847FCF /* Main.storyboard */; };
		AA9FFBBF1DDA667500847FCF /* Assets.xcassets in Resources */ = {isa = PBXBuildFile; fileRef = AA9FFBBE1DDA667500847FCF /* Assets.xcassets */; };
		AA9FFBC21DDA667500847FCF /* LaunchScreen.storyboard in Resources */ = {isa = PBXBuildFile; fileRef = AA9FFBC01DDA667500847FCF /* LaunchScreen.storyboard */; };
		AA9FFBCB1DDA6A9D00847FCF /* Person.swift in Sources */ = {isa = PBXBuildFile; fileRef = AA9FFBCA1DDA6A9D00847FCF /* Person.swift */; };
		B6ED5B361DDE4CDB00B56DFD /* TempViewController.swift in Sources */ = {isa = PBXBuildFile; fileRef = B6ED5B351DDE4CDB00B56DFD /* TempViewController.swift */; };
		BB9286821DDE343C00D3D9A6 /* HealthCore.xcdatamodeld in Sources */ = {isa = PBXBuildFile; fileRef = BB9286801DDE343C00D3D9A6 /* HealthCore.xcdatamodeld */; };
		BB9286851DDE3D2100D3D9A6 /* DataStore.swift in Sources */ = {isa = PBXBuildFile; fileRef = BB9286841DDE3D2100D3D9A6 /* DataStore.swift */; };
		BBDD18EC1DDE153B0013F557 /* GoogleService-Info.plist in Resources */ = {isa = PBXBuildFile; fileRef = BBDD18EB1DDE153B0013F557 /* GoogleService-Info.plist */; };
		DD58FAE71DDBBB63004A7A22 /* Symptoms.swift in Sources */ = {isa = PBXBuildFile; fileRef = DD58FAE61DDBBB63004A7A22 /* Symptoms.swift */; };
		DDA93D201DDE412000F0A4D4 /* Secrets.swift in Sources */ = {isa = PBXBuildFile; fileRef = DDA93D1F1DDE412000F0A4D4 /* Secrets.swift */; };
		DDA93D221DDE508A00F0A4D4 /* FeelingsViewController.swift in Sources */ = {isa = PBXBuildFile; fileRef = DDA93D211DDE508A00F0A4D4 /* FeelingsViewController.swift */; };
/* End PBXBuildFile section */

/* Begin PBXFileReference section */
		83A9624BD961F0F9D407BD5A /* Pods-emeraldHail.release.xcconfig */ = {isa = PBXFileReference; includeInIndex = 1; lastKnownFileType = text.xcconfig; name = "Pods-emeraldHail.release.xcconfig"; path = "Pods/Target Support Files/Pods-emeraldHail/Pods-emeraldHail.release.xcconfig"; sourceTree = "<group>"; };
		A3EAC51EA2232492128E484E /* Pods-emeraldHail.debug.xcconfig */ = {isa = PBXFileReference; includeInIndex = 1; lastKnownFileType = text.xcconfig; name = "Pods-emeraldHail.debug.xcconfig"; path = "Pods/Target Support Files/Pods-emeraldHail/Pods-emeraldHail.debug.xcconfig"; sourceTree = "<group>"; };
		AA9FFBB41DDA667500847FCF /* emeraldHail.app */ = {isa = PBXFileReference; explicitFileType = wrapper.application; includeInIndex = 0; path = emeraldHail.app; sourceTree = BUILT_PRODUCTS_DIR; };
		AA9FFBB71DDA667500847FCF /* AppDelegate.swift */ = {isa = PBXFileReference; lastKnownFileType = sourcecode.swift; path = AppDelegate.swift; sourceTree = "<group>"; };
		AA9FFBB91DDA667500847FCF /* ViewController.swift */ = {isa = PBXFileReference; lastKnownFileType = sourcecode.swift; path = ViewController.swift; sourceTree = "<group>"; };
		AA9FFBBC1DDA667500847FCF /* Base */ = {isa = PBXFileReference; lastKnownFileType = file.storyboard; name = Base; path = Base.lproj/Main.storyboard; sourceTree = "<group>"; };
		AA9FFBBE1DDA667500847FCF /* Assets.xcassets */ = {isa = PBXFileReference; lastKnownFileType = folder.assetcatalog; path = Assets.xcassets; sourceTree = "<group>"; };
		AA9FFBC11DDA667500847FCF /* Base */ = {isa = PBXFileReference; lastKnownFileType = file.storyboard; name = Base; path = Base.lproj/LaunchScreen.storyboard; sourceTree = "<group>"; };
		AA9FFBC31DDA667500847FCF /* Info.plist */ = {isa = PBXFileReference; lastKnownFileType = text.plist.xml; path = Info.plist; sourceTree = "<group>"; };
		AA9FFBCA1DDA6A9D00847FCF /* Person.swift */ = {isa = PBXFileReference; fileEncoding = 4; lastKnownFileType = sourcecode.swift; path = Person.swift; sourceTree = "<group>"; };
		B6ED5B351DDE4CDB00B56DFD /* TempViewController.swift */ = {isa = PBXFileReference; fileEncoding = 4; lastKnownFileType = sourcecode.swift; path = TempViewController.swift; sourceTree = "<group>"; };
		BB9286811DDE343C00D3D9A6 /* HealthCore.xcdatamodel */ = {isa = PBXFileReference; lastKnownFileType = wrapper.xcdatamodel; path = HealthCore.xcdatamodel; sourceTree = "<group>"; };
		BB9286841DDE3D2100D3D9A6 /* DataStore.swift */ = {isa = PBXFileReference; fileEncoding = 4; lastKnownFileType = sourcecode.swift; path = DataStore.swift; sourceTree = "<group>"; };
		BBDD18EB1DDE153B0013F557 /* GoogleService-Info.plist */ = {isa = PBXFileReference; fileEncoding = 4; lastKnownFileType = text.plist.xml; path = "GoogleService-Info.plist"; sourceTree = "<group>"; };
		D4BA12601A0F16DED58FEC5E /* Pods_emeraldHail.framework */ = {isa = PBXFileReference; explicitFileType = wrapper.framework; includeInIndex = 0; path = Pods_emeraldHail.framework; sourceTree = BUILT_PRODUCTS_DIR; };
		DD58FAE61DDBBB63004A7A22 /* Symptoms.swift */ = {isa = PBXFileReference; fileEncoding = 4; lastKnownFileType = sourcecode.swift; path = Symptoms.swift; sourceTree = "<group>"; };
		DDA93D1F1DDE412000F0A4D4 /* Secrets.swift */ = {isa = PBXFileReference; fileEncoding = 4; lastKnownFileType = sourcecode.swift; path = Secrets.swift; sourceTree = "<group>"; };
		DDA93D211DDE508A00F0A4D4 /* FeelingsViewController.swift */ = {isa = PBXFileReference; fileEncoding = 4; lastKnownFileType = sourcecode.swift; path = FeelingsViewController.swift; sourceTree = "<group>"; };
/* End PBXFileReference section */

/* Begin PBXFrameworksBuildPhase section */
		AA9FFBB11DDA667500847FCF /* Frameworks */ = {
			isa = PBXFrameworksBuildPhase;
			buildActionMask = 2147483647;
			files = (
				209EA011342482AB2477F986 /* Pods_emeraldHail.framework in Frameworks */,
			);
			runOnlyForDeploymentPostprocessing = 0;
		};
/* End PBXFrameworksBuildPhase section */

/* Begin PBXGroup section */
		AA9FFBAB1DDA667500847FCF = {
			isa = PBXGroup;
			children = (
				BBDD18EB1DDE153B0013F557 /* GoogleService-Info.plist */,
				AA9FFBB61DDA667500847FCF /* emeraldHail */,
				AA9FFBB51DDA667500847FCF /* Products */,
				CCB9A50487D0810C41F555DF /* Pods */,
				E2732CC3AAAB9CB28A1A3DE8 /* Frameworks */,
			);
			sourceTree = "<group>";
		};
		AA9FFBB51DDA667500847FCF /* Products */ = {
			isa = PBXGroup;
			children = (
				AA9FFBB41DDA667500847FCF /* emeraldHail.app */,
			);
			name = Products;
			sourceTree = "<group>";
		};
		AA9FFBB61DDA667500847FCF /* emeraldHail */ = {
			isa = PBXGroup;
			children = (
				DD58FAE51DDBBB40004A7A22 /* Controllers */,
				DD58FAE41DDBBB1D004A7A22 /* View */,
				AA9FFBC91DDA6A8E00847FCF /* Model */,
				DD58FAE31DDBBB05004A7A22 /* Supporting Files */,
			);
			path = emeraldHail;
			sourceTree = "<group>";
		};
		AA9FFBC91DDA6A8E00847FCF /* Model */ = {
			isa = PBXGroup;
			children = (
				AA9FFBCA1DDA6A9D00847FCF /* Person.swift */,
				BB9286841DDE3D2100D3D9A6 /* DataStore.swift */,
				DDA93D1F1DDE412000F0A4D4 /* Secrets.swift */,
				DD58FAE61DDBBB63004A7A22 /* Symptoms.swift */,
			);
			name = Model;
			sourceTree = "<group>";
		};
		CCB9A50487D0810C41F555DF /* Pods */ = {
			isa = PBXGroup;
			children = (
				A3EAC51EA2232492128E484E /* Pods-emeraldHail.debug.xcconfig */,
				83A9624BD961F0F9D407BD5A /* Pods-emeraldHail.release.xcconfig */,
			);
			name = Pods;
			sourceTree = "<group>";
		};
		DD58FAE31DDBBB05004A7A22 /* Supporting Files */ = {
			isa = PBXGroup;
			children = (
				AA9FFBB71DDA667500847FCF /* AppDelegate.swift */,
				AA9FFBBE1DDA667500847FCF /* Assets.xcassets */,
				AA9FFBC01DDA667500847FCF /* LaunchScreen.storyboard */,
				AA9FFBC31DDA667500847FCF /* Info.plist */,
				BB9286801DDE343C00D3D9A6 /* HealthCore.xcdatamodeld */,
			);
			name = "Supporting Files";
			sourceTree = "<group>";
		};
		DD58FAE41DDBBB1D004A7A22 /* View */ = {
			isa = PBXGroup;
			children = (
				AA9FFBBB1DDA667500847FCF /* Main.storyboard */,
			);
			name = View;
			sourceTree = "<group>";
		};
		DD58FAE51DDBBB40004A7A22 /* Controllers */ = {
			isa = PBXGroup;
			children = (
				AA9FFBB91DDA667500847FCF /* ViewController.swift */,

				DDA93D211DDE508A00F0A4D4 /* FeelingsViewController.swift */,

				B6ED5B351DDE4CDB00B56DFD /* TempViewController.swift */,

			);
			name = Controllers;
			sourceTree = "<group>";
		};
		E2732CC3AAAB9CB28A1A3DE8 /* Frameworks */ = {
			isa = PBXGroup;
			children = (
				D4BA12601A0F16DED58FEC5E /* Pods_emeraldHail.framework */,
			);
			name = Frameworks;
			sourceTree = "<group>";
		};
/* End PBXGroup section */

/* Begin PBXNativeTarget section */
		AA9FFBB31DDA667500847FCF /* emeraldHail */ = {
			isa = PBXNativeTarget;
			buildConfigurationList = AA9FFBC61DDA667500847FCF /* Build configuration list for PBXNativeTarget "emeraldHail" */;
			buildPhases = (
				DD36893B953A5E8D51931FAA /* [CP] Check Pods Manifest.lock */,
				AA9FFBB01DDA667500847FCF /* Sources */,
				AA9FFBB11DDA667500847FCF /* Frameworks */,
				AA9FFBB21DDA667500847FCF /* Resources */,
				9154A9323CE69B71F80858C4 /* [CP] Embed Pods Frameworks */,
				B3D68ECEC00D64AB089045F6 /* [CP] Copy Pods Resources */,
			);
			buildRules = (
			);
			dependencies = (
			);
			name = emeraldHail;
			productName = emeraldHail;
			productReference = AA9FFBB41DDA667500847FCF /* emeraldHail.app */;
			productType = "com.apple.product-type.application";
		};
/* End PBXNativeTarget section */

/* Begin PBXProject section */
		AA9FFBAC1DDA667500847FCF /* Project object */ = {
			isa = PBXProject;
			attributes = {
				LastSwiftUpdateCheck = 0810;
				LastUpgradeCheck = 0810;
				ORGANIZATIONNAME = "Flatiron School";
				TargetAttributes = {
					AA9FFBB31DDA667500847FCF = {
						CreatedOnToolsVersion = 8.1;
						DevelopmentTeam = N2MERYPM36;
						ProvisioningStyle = Automatic;
					};
				};
			};
			buildConfigurationList = AA9FFBAF1DDA667500847FCF /* Build configuration list for PBXProject "emeraldHail" */;
			compatibilityVersion = "Xcode 3.2";
			developmentRegion = English;
			hasScannedForEncodings = 0;
			knownRegions = (
				en,
				Base,
			);
			mainGroup = AA9FFBAB1DDA667500847FCF;
			productRefGroup = AA9FFBB51DDA667500847FCF /* Products */;
			projectDirPath = "";
			projectRoot = "";
			targets = (
				AA9FFBB31DDA667500847FCF /* emeraldHail */,
			);
		};
/* End PBXProject section */

/* Begin PBXResourcesBuildPhase section */
		AA9FFBB21DDA667500847FCF /* Resources */ = {
			isa = PBXResourcesBuildPhase;
			buildActionMask = 2147483647;
			files = (
				AA9FFBC21DDA667500847FCF /* LaunchScreen.storyboard in Resources */,
				AA9FFBBF1DDA667500847FCF /* Assets.xcassets in Resources */,
				AA9FFBBD1DDA667500847FCF /* Main.storyboard in Resources */,
				BBDD18EC1DDE153B0013F557 /* GoogleService-Info.plist in Resources */,
			);
			runOnlyForDeploymentPostprocessing = 0;
		};
/* End PBXResourcesBuildPhase section */

/* Begin PBXShellScriptBuildPhase section */
		9154A9323CE69B71F80858C4 /* [CP] Embed Pods Frameworks */ = {
			isa = PBXShellScriptBuildPhase;
			buildActionMask = 2147483647;
			files = (
			);
			inputPaths = (
			);
			name = "[CP] Embed Pods Frameworks";
			outputPaths = (
			);
			runOnlyForDeploymentPostprocessing = 0;
			shellPath = /bin/sh;
			shellScript = "\"${SRCROOT}/Pods/Target Support Files/Pods-emeraldHail/Pods-emeraldHail-frameworks.sh\"\n";
			showEnvVarsInLog = 0;
		};
		B3D68ECEC00D64AB089045F6 /* [CP] Copy Pods Resources */ = {
			isa = PBXShellScriptBuildPhase;
			buildActionMask = 2147483647;
			files = (
			);
			inputPaths = (
			);
			name = "[CP] Copy Pods Resources";
			outputPaths = (
			);
			runOnlyForDeploymentPostprocessing = 0;
			shellPath = /bin/sh;
			shellScript = "\"${SRCROOT}/Pods/Target Support Files/Pods-emeraldHail/Pods-emeraldHail-resources.sh\"\n";
			showEnvVarsInLog = 0;
		};
		DD36893B953A5E8D51931FAA /* [CP] Check Pods Manifest.lock */ = {
			isa = PBXShellScriptBuildPhase;
			buildActionMask = 2147483647;
			files = (
			);
			inputPaths = (
			);
			name = "[CP] Check Pods Manifest.lock";
			outputPaths = (
			);
			runOnlyForDeploymentPostprocessing = 0;
			shellPath = /bin/sh;
			shellScript = "diff \"${PODS_ROOT}/../Podfile.lock\" \"${PODS_ROOT}/Manifest.lock\" > /dev/null\nif [ $? != 0 ] ; then\n    # print error to STDERR\n    echo \"error: The sandbox is not in sync with the Podfile.lock. Run 'pod install' or update your CocoaPods installation.\" >&2\n    exit 1\nfi\n";
			showEnvVarsInLog = 0;
		};
/* End PBXShellScriptBuildPhase section */

/* Begin PBXSourcesBuildPhase section */
		AA9FFBB01DDA667500847FCF /* Sources */ = {
			isa = PBXSourcesBuildPhase;
			buildActionMask = 2147483647;
			files = (
				B6ED5B361DDE4CDB00B56DFD /* TempViewController.swift in Sources */,
				AA9FFBCB1DDA6A9D00847FCF /* Person.swift in Sources */,
				DDA93D221DDE508A00F0A4D4 /* FeelingsViewController.swift in Sources */,
				BB9286851DDE3D2100D3D9A6 /* DataStore.swift in Sources */,
				DDA93D201DDE412000F0A4D4 /* Secrets.swift in Sources */,
				DD58FAE71DDBBB63004A7A22 /* Symptoms.swift in Sources */,
				BB9286821DDE343C00D3D9A6 /* HealthCore.xcdatamodeld in Sources */,
				AA9FFBBA1DDA667500847FCF /* ViewController.swift in Sources */,
				AA9FFBB81DDA667500847FCF /* AppDelegate.swift in Sources */,
			);
			runOnlyForDeploymentPostprocessing = 0;
		};
/* End PBXSourcesBuildPhase section */

/* Begin PBXVariantGroup section */
		AA9FFBBB1DDA667500847FCF /* Main.storyboard */ = {
			isa = PBXVariantGroup;
			children = (
				AA9FFBBC1DDA667500847FCF /* Base */,
			);
			name = Main.storyboard;
			sourceTree = "<group>";
		};
		AA9FFBC01DDA667500847FCF /* LaunchScreen.storyboard */ = {
			isa = PBXVariantGroup;
			children = (
				AA9FFBC11DDA667500847FCF /* Base */,
			);
			name = LaunchScreen.storyboard;
			sourceTree = "<group>";
		};
/* End PBXVariantGroup section */

/* Begin XCBuildConfiguration section */
		AA9FFBC41DDA667500847FCF /* Debug */ = {
			isa = XCBuildConfiguration;
			buildSettings = {
				ALWAYS_SEARCH_USER_PATHS = NO;
				CLANG_ANALYZER_NONNULL = YES;
				CLANG_CXX_LANGUAGE_STANDARD = "gnu++0x";
				CLANG_CXX_LIBRARY = "libc++";
				CLANG_ENABLE_MODULES = YES;
				CLANG_ENABLE_OBJC_ARC = YES;
				CLANG_WARN_BOOL_CONVERSION = YES;
				CLANG_WARN_CONSTANT_CONVERSION = YES;
				CLANG_WARN_DIRECT_OBJC_ISA_USAGE = YES_ERROR;
				CLANG_WARN_DOCUMENTATION_COMMENTS = YES;
				CLANG_WARN_EMPTY_BODY = YES;
				CLANG_WARN_ENUM_CONVERSION = YES;
				CLANG_WARN_INFINITE_RECURSION = YES;
				CLANG_WARN_INT_CONVERSION = YES;
				CLANG_WARN_OBJC_ROOT_CLASS = YES_ERROR;
				CLANG_WARN_SUSPICIOUS_MOVES = YES;
				CLANG_WARN_UNREACHABLE_CODE = YES;
				CLANG_WARN__DUPLICATE_METHOD_MATCH = YES;
				"CODE_SIGN_IDENTITY[sdk=iphoneos*]" = "iPhone Developer";
				COPY_PHASE_STRIP = NO;
				DEBUG_INFORMATION_FORMAT = dwarf;
				ENABLE_STRICT_OBJC_MSGSEND = YES;
				ENABLE_TESTABILITY = YES;
				GCC_C_LANGUAGE_STANDARD = gnu99;
				GCC_DYNAMIC_NO_PIC = NO;
				GCC_NO_COMMON_BLOCKS = YES;
				GCC_OPTIMIZATION_LEVEL = 0;
				GCC_PREPROCESSOR_DEFINITIONS = (
					"DEBUG=1",
					"$(inherited)",
				);
				GCC_WARN_64_TO_32_BIT_CONVERSION = YES;
				GCC_WARN_ABOUT_RETURN_TYPE = YES_ERROR;
				GCC_WARN_UNDECLARED_SELECTOR = YES;
				GCC_WARN_UNINITIALIZED_AUTOS = YES_AGGRESSIVE;
				GCC_WARN_UNUSED_FUNCTION = YES;
				GCC_WARN_UNUSED_VARIABLE = YES;
				IPHONEOS_DEPLOYMENT_TARGET = 10.1;
				MTL_ENABLE_DEBUG_INFO = YES;
				ONLY_ACTIVE_ARCH = YES;
				SDKROOT = iphoneos;
				SWIFT_ACTIVE_COMPILATION_CONDITIONS = DEBUG;
				SWIFT_OPTIMIZATION_LEVEL = "-Onone";
			};
			name = Debug;
		};
		AA9FFBC51DDA667500847FCF /* Release */ = {
			isa = XCBuildConfiguration;
			buildSettings = {
				ALWAYS_SEARCH_USER_PATHS = NO;
				CLANG_ANALYZER_NONNULL = YES;
				CLANG_CXX_LANGUAGE_STANDARD = "gnu++0x";
				CLANG_CXX_LIBRARY = "libc++";
				CLANG_ENABLE_MODULES = YES;
				CLANG_ENABLE_OBJC_ARC = YES;
				CLANG_WARN_BOOL_CONVERSION = YES;
				CLANG_WARN_CONSTANT_CONVERSION = YES;
				CLANG_WARN_DIRECT_OBJC_ISA_USAGE = YES_ERROR;
				CLANG_WARN_DOCUMENTATION_COMMENTS = YES;
				CLANG_WARN_EMPTY_BODY = YES;
				CLANG_WARN_ENUM_CONVERSION = YES;
				CLANG_WARN_INFINITE_RECURSION = YES;
				CLANG_WARN_INT_CONVERSION = YES;
				CLANG_WARN_OBJC_ROOT_CLASS = YES_ERROR;
				CLANG_WARN_SUSPICIOUS_MOVES = YES;
				CLANG_WARN_UNREACHABLE_CODE = YES;
				CLANG_WARN__DUPLICATE_METHOD_MATCH = YES;
				"CODE_SIGN_IDENTITY[sdk=iphoneos*]" = "iPhone Developer";
				COPY_PHASE_STRIP = NO;
				DEBUG_INFORMATION_FORMAT = "dwarf-with-dsym";
				ENABLE_NS_ASSERTIONS = NO;
				ENABLE_STRICT_OBJC_MSGSEND = YES;
				GCC_C_LANGUAGE_STANDARD = gnu99;
				GCC_NO_COMMON_BLOCKS = YES;
				GCC_WARN_64_TO_32_BIT_CONVERSION = YES;
				GCC_WARN_ABOUT_RETURN_TYPE = YES_ERROR;
				GCC_WARN_UNDECLARED_SELECTOR = YES;
				GCC_WARN_UNINITIALIZED_AUTOS = YES_AGGRESSIVE;
				GCC_WARN_UNUSED_FUNCTION = YES;
				GCC_WARN_UNUSED_VARIABLE = YES;
				IPHONEOS_DEPLOYMENT_TARGET = 10.1;
				MTL_ENABLE_DEBUG_INFO = NO;
				SDKROOT = iphoneos;
				SWIFT_OPTIMIZATION_LEVEL = "-Owholemodule";
				VALIDATE_PRODUCT = YES;
			};
			name = Release;
		};
		AA9FFBC71DDA667500847FCF /* Debug */ = {
			isa = XCBuildConfiguration;
			baseConfigurationReference = A3EAC51EA2232492128E484E /* Pods-emeraldHail.debug.xcconfig */;
			buildSettings = {
				ASSETCATALOG_COMPILER_APPICON_NAME = AppIcon;
				DEVELOPMENT_TEAM = N2MERYPM36;
				INFOPLIST_FILE = emeraldHail/Info.plist;
				LD_RUNPATH_SEARCH_PATHS = "$(inherited) @executable_path/Frameworks";
				PRODUCT_BUNDLE_IDENTIFIER = com.flatironschool.emeraldHail;
				PRODUCT_NAME = "$(TARGET_NAME)";
				SWIFT_VERSION = 3.0;
			};
			name = Debug;
		};
		AA9FFBC81DDA667500847FCF /* Release */ = {
			isa = XCBuildConfiguration;
			baseConfigurationReference = 83A9624BD961F0F9D407BD5A /* Pods-emeraldHail.release.xcconfig */;
			buildSettings = {
				ASSETCATALOG_COMPILER_APPICON_NAME = AppIcon;
				DEVELOPMENT_TEAM = N2MERYPM36;
				INFOPLIST_FILE = emeraldHail/Info.plist;
				LD_RUNPATH_SEARCH_PATHS = "$(inherited) @executable_path/Frameworks";
				PRODUCT_BUNDLE_IDENTIFIER = com.flatironschool.emeraldHail;
				PRODUCT_NAME = "$(TARGET_NAME)";
				SWIFT_VERSION = 3.0;
			};
			name = Release;
		};
/* End XCBuildConfiguration section */

/* Begin XCConfigurationList section */
		AA9FFBAF1DDA667500847FCF /* Build configuration list for PBXProject "emeraldHail" */ = {
			isa = XCConfigurationList;
			buildConfigurations = (
				AA9FFBC41DDA667500847FCF /* Debug */,
				AA9FFBC51DDA667500847FCF /* Release */,
			);
			defaultConfigurationIsVisible = 0;
			defaultConfigurationName = Release;
		};
		AA9FFBC61DDA667500847FCF /* Build configuration list for PBXNativeTarget "emeraldHail" */ = {
			isa = XCConfigurationList;
			buildConfigurations = (
				AA9FFBC71DDA667500847FCF /* Debug */,
				AA9FFBC81DDA667500847FCF /* Release */,
			);
			defaultConfigurationIsVisible = 0;
			defaultConfigurationName = Release;
		};
/* End XCConfigurationList section */

/* Begin XCVersionGroup section */
		BB9286801DDE343C00D3D9A6 /* HealthCore.xcdatamodeld */ = {
			isa = XCVersionGroup;
			children = (
				BB9286811DDE343C00D3D9A6 /* HealthCore.xcdatamodel */,
			);
			currentVersion = BB9286811DDE343C00D3D9A6 /* HealthCore.xcdatamodel */;
			path = HealthCore.xcdatamodeld;
			sourceTree = "<group>";
			versionGroupType = wrapper.xcdatamodel;
		};
/* End XCVersionGroup section */
	};
	rootObject = AA9FFBAC1DDA667500847FCF /* Project object */;
}
