// !$*UTF8*$!
{
	archiveVersion = 1;
	classes = {
	};
	objectVersion = 46;
	objects = {

/* Begin PBXBuildFile section */
		209EA011342482AB2477F986 /* Pods_emeraldHail.framework in Frameworks */ = {isa = PBXBuildFile; fileRef = D4BA12601A0F16DED58FEC5E /* Pods_emeraldHail.framework */; };
		AA0BF2BE1DF4A9190062FA36 /* AddMemberView.xib in Resources */ = {isa = PBXBuildFile; fileRef = AA0BF2BD1DF4A9190062FA36 /* AddMemberView.xib */; };
		AA0BF2C01DF4AA780062FA36 /* AddMemberView.swift in Sources */ = {isa = PBXBuildFile; fileRef = AA0BF2BF1DF4AA780062FA36 /* AddMemberView.swift */; };
		AA0BF2C21DF4AB160062FA36 /* AddMemberCollectionViewCell.swift in Sources */ = {isa = PBXBuildFile; fileRef = AA0BF2C11DF4AB160062FA36 /* AddMemberCollectionViewCell.swift */; };
		AA0BF2C51DF5C1540062FA36 /* FamilyMemberView.xib in Resources */ = {isa = PBXBuildFile; fileRef = AA0BF2C41DF5C1540062FA36 /* FamilyMemberView.xib */; };
		AA0BF2C71DF5C1900062FA36 /* FamilyMemberView.swift in Sources */ = {isa = PBXBuildFile; fileRef = AA0BF2C61DF5C1900062FA36 /* FamilyMemberView.swift */; };
		AA0C2FE51DE8837700445229 /* HeaderCollectionReusableView.swift in Sources */ = {isa = PBXBuildFile; fileRef = AA0C2FE31DE8837700445229 /* HeaderCollectionReusableView.swift */; };
		AA2970FC1DEDDEE70062631D /* Note.swift in Sources */ = {isa = PBXBuildFile; fileRef = AA2970FB1DEDDEE70062631D /* Note.swift */; };
		AA2970FE1DEDDF5C0062631D /* Temp.swift in Sources */ = {isa = PBXBuildFile; fileRef = AA2970FD1DEDDF5C0062631D /* Temp.swift */; };
		AA2971011DEE05FA0062631D /* FamilyManager.swift in Sources */ = {isa = PBXBuildFile; fileRef = AA2971001DEE05FA0062631D /* FamilyManager.swift */; };
		AA3985131DEFAAF90087F1BA /* Pain.swift in Sources */ = {isa = PBXBuildFile; fileRef = AA3985121DEFAAF90087F1BA /* Pain.swift */; };
		AA57AC531DEE4CDB00DCA9BF /* TempView.swift in Sources */ = {isa = PBXBuildFile; fileRef = AA57AC521DEE4CDB00DCA9BF /* TempView.swift */; };
		AA57AC551DEE4E9A00DCA9BF /* TempCell.swift in Sources */ = {isa = PBXBuildFile; fileRef = AA57AC541DEE4E9A00DCA9BF /* TempCell.swift */; };
		AA6E4D211DE7419B00C8FEE3 /* WelcomeViewController.swift in Sources */ = {isa = PBXBuildFile; fileRef = AA6E4D201DE7419B00C8FEE3 /* WelcomeViewController.swift */; };
		AA6E4D231DE74B1400C8FEE3 /* Constants.swift in Sources */ = {isa = PBXBuildFile; fileRef = AA6E4D221DE74B1400C8FEE3 /* Constants.swift */; };
		AA7ED5921DDF4C6F005F9AB2 /* Family.swift in Sources */ = {isa = PBXBuildFile; fileRef = AA7ED5911DDF4C6F005F9AB2 /* Family.swift */; };
		AA7ED5941DDF4D16005F9AB2 /* Member.swift in Sources */ = {isa = PBXBuildFile; fileRef = AA7ED5931DDF4D16005F9AB2 /* Member.swift */; };
		AA8A59021DF3AFAB0079AE69 /* Extensions.swift in Sources */ = {isa = PBXBuildFile; fileRef = AA8A59011DF3AFAB0079AE69 /* Extensions.swift */; };
		AA9892AE1DEA1C290092F3A8 /* NoteView.xib in Resources */ = {isa = PBXBuildFile; fileRef = AA9892AD1DEA1C290092F3A8 /* NoteView.xib */; };
		AA9892B01DEA1EA60092F3A8 /* NoteView.swift in Sources */ = {isa = PBXBuildFile; fileRef = AA9892AF1DEA1EA60092F3A8 /* NoteView.swift */; };
		AA9892B21DEA2B760092F3A8 /* NoteCell.swift in Sources */ = {isa = PBXBuildFile; fileRef = AA9892B11DEA2B760092F3A8 /* NoteCell.swift */; };
		AA9FFBB81DDA667500847FCF /* AppDelegate.swift in Sources */ = {isa = PBXBuildFile; fileRef = AA9FFBB71DDA667500847FCF /* AppDelegate.swift */; };
		AA9FFBBD1DDA667500847FCF /* Main.storyboard in Resources */ = {isa = PBXBuildFile; fileRef = AA9FFBBB1DDA667500847FCF /* Main.storyboard */; };
		AA9FFBC21DDA667500847FCF /* LaunchScreen.storyboard in Resources */ = {isa = PBXBuildFile; fileRef = AA9FFBC01DDA667500847FCF /* LaunchScreen.storyboard */; };
		AAC106061DF08CF4007E5116 /* Symp.swift in Sources */ = {isa = PBXBuildFile; fileRef = AAC106051DF08CF4007E5116 /* Symp.swift */; };
		AAE7D3ED1DEF6DB300C59107 /* SymptomCell.swift in Sources */ = {isa = PBXBuildFile; fileRef = AAE7D3EC1DEF6DB300C59107 /* SymptomCell.swift */; };
		AAF109341DEE4BA700E6DE26 /* TempView.xib in Resources */ = {isa = PBXBuildFile; fileRef = AAF109331DEE4BA700E6DE26 /* TempView.xib */; };
		AAFE445E1DDF5AE900922FB0 /* Event.swift in Sources */ = {isa = PBXBuildFile; fileRef = AAFE445D1DDF5AE900922FB0 /* Event.swift */; };
		AAFE44641DDF60BB00922FB0 /* Post.swift in Sources */ = {isa = PBXBuildFile; fileRef = AAFE44631DDF60BB00922FB0 /* Post.swift */; };
		AAFE44661DDF634800922FB0 /* PainLevel.swift in Sources */ = {isa = PBXBuildFile; fileRef = AAFE44651DDF634800922FB0 /* PainLevel.swift */; };
		AAFE44681DDF68BE00922FB0 /* SymptomView.xib in Resources */ = {isa = PBXBuildFile; fileRef = AAFE44671DDF68BE00922FB0 /* SymptomView.xib */; };
		AAFE446A1DDF68E600922FB0 /* SymptomView.swift in Sources */ = {isa = PBXBuildFile; fileRef = AAFE44691DDF68E600922FB0 /* SymptomView.swift */; };
		B674039C1DF1CC2E00172ACD /* AppController.swift in Sources */ = {isa = PBXBuildFile; fileRef = B674039B1DF1CC2E00172ACD /* AppController.swift */; };
		B69466641DECCE3000F2E30C /* Assets.xcassets in Resources */ = {isa = PBXBuildFile; fileRef = B69466631DECCE3000F2E30C /* Assets.xcassets */; };
		B69638D21DE602FD00FE7023 /* AddNotesViewController.swift in Sources */ = {isa = PBXBuildFile; fileRef = B69638D11DE602FD00FE7023 /* AddNotesViewController.swift */; };
		B6ED5B361DDE4CDB00B56DFD /* TempViewController.swift in Sources */ = {isa = PBXBuildFile; fileRef = B6ED5B351DDE4CDB00B56DFD /* TempViewController.swift */; };
		B6F44C081DEE080000995237 /* EditMemberSettingsViewController.swift in Sources */ = {isa = PBXBuildFile; fileRef = B6F44C071DEE080000995237 /* EditMemberSettingsViewController.swift */; };
		BB14EBD71DED43A0004F6D56 /* HealthCore.xcdatamodeld in Sources */ = {isa = PBXBuildFile; fileRef = BB14EBD51DED43A0004F6D56 /* HealthCore.xcdatamodeld */; };
		BB5CD3321DE6B41800D82BB3 /* SymptomsViewController.swift in Sources */ = {isa = PBXBuildFile; fileRef = BB5CD3311DE6B41800D82BB3 /* SymptomsViewController.swift */; };
		BB6DEDB51DE61C7D00D8B93A /* FamilySettingViewController.swift in Sources */ = {isa = PBXBuildFile; fileRef = BB6DEDB41DE61C7D00D8B93A /* FamilySettingViewController.swift */; };
		BB6DEDB71DE61D9400D8B93A /* MemberSettingViewController.swift in Sources */ = {isa = PBXBuildFile; fileRef = BB6DEDB61DE61D9400D8B93A /* MemberSettingViewController.swift */; };
		BB7BF58B1DECD13C00F290FB /* LocalAuthentication.framework in Frameworks */ = {isa = PBXBuildFile; fileRef = BB7BF58A1DECD13C00F290FB /* LocalAuthentication.framework */; };
		BB9286851DDE3D2100D3D9A6 /* DataStore.swift in Sources */ = {isa = PBXBuildFile; fileRef = BB9286841DDE3D2100D3D9A6 /* DataStore.swift */; };
		BBF453B91DE34ACD00E054E9 /* Symptom.swift in Sources */ = {isa = PBXBuildFile; fileRef = BBF453B81DE34ACD00E054E9 /* Symptom.swift */; };
		BBF453BB1DE34AF900E054E9 /* Person.swift in Sources */ = {isa = PBXBuildFile; fileRef = BBF453BA1DE34AF900E054E9 /* Person.swift */; };
		BBF453BD1DE34B5100E054E9 /* GoogleService-Info.plist in Resources */ = {isa = PBXBuildFile; fileRef = BBF453BC1DE34B5100E054E9 /* GoogleService-Info.plist */; };
		BBF4EEB11DDF59D400EBD3FE /* LoginViewController.swift in Sources */ = {isa = PBXBuildFile; fileRef = BBF4EEB01DDF59D400EBD3FE /* LoginViewController.swift */; };
		BBF4EEB31DDF59DC00EBD3FE /* RegisterViewController.swift in Sources */ = {isa = PBXBuildFile; fileRef = BBF4EEB21DDF59DC00EBD3FE /* RegisterViewController.swift */; };
		BBF4EEB51DDF59F900EBD3FE /* FamilyViewController.swift in Sources */ = {isa = PBXBuildFile; fileRef = BBF4EEB41DDF59F900EBD3FE /* FamilyViewController.swift */; };
		BBF4EEB71DDF59FF00EBD3FE /* EventViewController.swift in Sources */ = {isa = PBXBuildFile; fileRef = BBF4EEB61DDF59FF00EBD3FE /* EventViewController.swift */; };
		BBF4EEB91DDF5A0600EBD3FE /* PostViewController.swift in Sources */ = {isa = PBXBuildFile; fileRef = BBF4EEB81DDF5A0600EBD3FE /* PostViewController.swift */; };
		DD3BD9831DEB7C2800311BE9 /* PainLevelCollectionViewCell.swift in Sources */ = {isa = PBXBuildFile; fileRef = DD3BD9821DEB7C2800311BE9 /* PainLevelCollectionViewCell.swift */; };
		DD755E1A1DE3A99F002478D0 /* AddMembersViewController.swift in Sources */ = {isa = PBXBuildFile; fileRef = DD755E191DE3A99F002478D0 /* AddMembersViewController.swift */; };
		DDA93D201DDE412000F0A4D4 /* Secrets.swift in Sources */ = {isa = PBXBuildFile; fileRef = DDA93D1F1DDE412000F0A4D4 /* Secrets.swift */; };
		DDA93D221DDE508A00F0A4D4 /* PainLevelViewController.swift in Sources */ = {isa = PBXBuildFile; fileRef = DDA93D211DDE508A00F0A4D4 /* PainLevelViewController.swift */; };
		DDB88F871DEE1CD5002E9668 /* PainLevelView.xib in Resources */ = {isa = PBXBuildFile; fileRef = DDB88F861DEE1CD5002E9668 /* PainLevelView.xib */; };
		DDB88F891DEE1CEC002E9668 /* PainLevelView.swift in Sources */ = {isa = PBXBuildFile; fileRef = DDB88F881DEE1CEC002E9668 /* PainLevelView.swift */; };
		DDB88F8B1DEE1E03002E9668 /* PainLevelCell.swift in Sources */ = {isa = PBXBuildFile; fileRef = DDB88F8A1DEE1E03002E9668 /* PainLevelCell.swift */; };
		DDDE22421DF0A85D006B234C /* PhotoViewController.swift in Sources */ = {isa = PBXBuildFile; fileRef = DDDE22411DF0A85D006B234C /* PhotoViewController.swift */; };
		DDDE22441DF0B811006B234C /* Photo.swift in Sources */ = {isa = PBXBuildFile; fileRef = DDDE22431DF0B811006B234C /* Photo.swift */; };
		DDDE22461DF0C479006B234C /* PhotoView.swift in Sources */ = {isa = PBXBuildFile; fileRef = DDDE22451DF0C479006B234C /* PhotoView.swift */; };
		DDDE22481DF0C486006B234C /* PhotoView.xib in Resources */ = {isa = PBXBuildFile; fileRef = DDDE22471DF0C486006B234C /* PhotoView.xib */; };
		DDDE224A1DF0C4A5006B234C /* PhotoCell.swift in Sources */ = {isa = PBXBuildFile; fileRef = DDDE22491DF0C4A5006B234C /* PhotoCell.swift */; };
/* End PBXBuildFile section */

/* Begin PBXFileReference section */
		83A9624BD961F0F9D407BD5A /* Pods-emeraldHail.release.xcconfig */ = {isa = PBXFileReference; includeInIndex = 1; lastKnownFileType = text.xcconfig; name = "Pods-emeraldHail.release.xcconfig"; path = "Pods/Target Support Files/Pods-emeraldHail/Pods-emeraldHail.release.xcconfig"; sourceTree = "<group>"; };
		A3EAC51EA2232492128E484E /* Pods-emeraldHail.debug.xcconfig */ = {isa = PBXFileReference; includeInIndex = 1; lastKnownFileType = text.xcconfig; name = "Pods-emeraldHail.debug.xcconfig"; path = "Pods/Target Support Files/Pods-emeraldHail/Pods-emeraldHail.debug.xcconfig"; sourceTree = "<group>"; };
		AA0BF2BD1DF4A9190062FA36 /* AddMemberView.xib */ = {isa = PBXFileReference; fileEncoding = 4; lastKnownFileType = file.xib; path = AddMemberView.xib; sourceTree = "<group>"; };
		AA0BF2BF1DF4AA780062FA36 /* AddMemberView.swift */ = {isa = PBXFileReference; fileEncoding = 4; lastKnownFileType = sourcecode.swift; path = AddMemberView.swift; sourceTree = "<group>"; };
		AA0BF2C11DF4AB160062FA36 /* AddMemberCollectionViewCell.swift */ = {isa = PBXFileReference; fileEncoding = 4; lastKnownFileType = sourcecode.swift; path = AddMemberCollectionViewCell.swift; sourceTree = "<group>"; };
		AA0BF2C41DF5C1540062FA36 /* FamilyMemberView.xib */ = {isa = PBXFileReference; fileEncoding = 4; lastKnownFileType = file.xib; path = FamilyMemberView.xib; sourceTree = "<group>"; };
		AA0BF2C61DF5C1900062FA36 /* FamilyMemberView.swift */ = {isa = PBXFileReference; fileEncoding = 4; lastKnownFileType = sourcecode.swift; path = FamilyMemberView.swift; sourceTree = "<group>"; };
		AA0C2FE31DE8837700445229 /* HeaderCollectionReusableView.swift */ = {isa = PBXFileReference; fileEncoding = 4; lastKnownFileType = sourcecode.swift; path = HeaderCollectionReusableView.swift; sourceTree = "<group>"; };
		AA2970FB1DEDDEE70062631D /* Note.swift */ = {isa = PBXFileReference; fileEncoding = 4; lastKnownFileType = sourcecode.swift; path = Note.swift; sourceTree = "<group>"; };
		AA2970FD1DEDDF5C0062631D /* Temp.swift */ = {isa = PBXFileReference; fileEncoding = 4; lastKnownFileType = sourcecode.swift; path = Temp.swift; sourceTree = "<group>"; };
		AA2971001DEE05FA0062631D /* FamilyManager.swift */ = {isa = PBXFileReference; fileEncoding = 4; lastKnownFileType = sourcecode.swift; path = FamilyManager.swift; sourceTree = "<group>"; };
		AA3985121DEFAAF90087F1BA /* Pain.swift */ = {isa = PBXFileReference; fileEncoding = 4; lastKnownFileType = sourcecode.swift; path = Pain.swift; sourceTree = "<group>"; };
		AA57AC521DEE4CDB00DCA9BF /* TempView.swift */ = {isa = PBXFileReference; fileEncoding = 4; lastKnownFileType = sourcecode.swift; path = TempView.swift; sourceTree = "<group>"; };
		AA57AC541DEE4E9A00DCA9BF /* TempCell.swift */ = {isa = PBXFileReference; fileEncoding = 4; lastKnownFileType = sourcecode.swift; path = TempCell.swift; sourceTree = "<group>"; };
		AA6E4D201DE7419B00C8FEE3 /* WelcomeViewController.swift */ = {isa = PBXFileReference; fileEncoding = 4; lastKnownFileType = sourcecode.swift; path = WelcomeViewController.swift; sourceTree = "<group>"; };
		AA6E4D221DE74B1400C8FEE3 /* Constants.swift */ = {isa = PBXFileReference; fileEncoding = 4; lastKnownFileType = sourcecode.swift; path = Constants.swift; sourceTree = "<group>"; };
		AA7ED5911DDF4C6F005F9AB2 /* Family.swift */ = {isa = PBXFileReference; fileEncoding = 4; lastKnownFileType = sourcecode.swift; path = Family.swift; sourceTree = "<group>"; };
		AA7ED5931DDF4D16005F9AB2 /* Member.swift */ = {isa = PBXFileReference; fileEncoding = 4; lastKnownFileType = sourcecode.swift; path = Member.swift; sourceTree = "<group>"; };
		AA8A59011DF3AFAB0079AE69 /* Extensions.swift */ = {isa = PBXFileReference; fileEncoding = 4; lastKnownFileType = sourcecode.swift; path = Extensions.swift; sourceTree = "<group>"; };
		AA9892AD1DEA1C290092F3A8 /* NoteView.xib */ = {isa = PBXFileReference; fileEncoding = 4; lastKnownFileType = file.xib; path = NoteView.xib; sourceTree = "<group>"; };
		AA9892AF1DEA1EA60092F3A8 /* NoteView.swift */ = {isa = PBXFileReference; fileEncoding = 4; lastKnownFileType = sourcecode.swift; path = NoteView.swift; sourceTree = "<group>"; };
		AA9892B11DEA2B760092F3A8 /* NoteCell.swift */ = {isa = PBXFileReference; fileEncoding = 4; lastKnownFileType = sourcecode.swift; path = NoteCell.swift; sourceTree = "<group>"; };
		AA9FFBB41DDA667500847FCF /* emeraldHail.app */ = {isa = PBXFileReference; explicitFileType = wrapper.application; includeInIndex = 0; path = emeraldHail.app; sourceTree = BUILT_PRODUCTS_DIR; };
		AA9FFBB71DDA667500847FCF /* AppDelegate.swift */ = {isa = PBXFileReference; lastKnownFileType = sourcecode.swift; path = AppDelegate.swift; sourceTree = "<group>"; };
		AA9FFBBC1DDA667500847FCF /* Base */ = {isa = PBXFileReference; lastKnownFileType = file.storyboard; name = Base; path = Base.lproj/Main.storyboard; sourceTree = "<group>"; };
		AA9FFBC11DDA667500847FCF /* Base */ = {isa = PBXFileReference; lastKnownFileType = file.storyboard; name = Base; path = Base.lproj/LaunchScreen.storyboard; sourceTree = "<group>"; };
		AA9FFBC31DDA667500847FCF /* Info.plist */ = {isa = PBXFileReference; lastKnownFileType = text.plist.xml; path = Info.plist; sourceTree = "<group>"; };
		AAC106051DF08CF4007E5116 /* Symp.swift */ = {isa = PBXFileReference; fileEncoding = 4; lastKnownFileType = sourcecode.swift; path = Symp.swift; sourceTree = "<group>"; };
		AAE7D3EC1DEF6DB300C59107 /* SymptomCell.swift */ = {isa = PBXFileReference; fileEncoding = 4; lastKnownFileType = sourcecode.swift; path = SymptomCell.swift; sourceTree = "<group>"; };
		AAF109331DEE4BA700E6DE26 /* TempView.xib */ = {isa = PBXFileReference; fileEncoding = 4; lastKnownFileType = file.xib; path = TempView.xib; sourceTree = "<group>"; };
		AAFE445D1DDF5AE900922FB0 /* Event.swift */ = {isa = PBXFileReference; fileEncoding = 4; lastKnownFileType = sourcecode.swift; path = Event.swift; sourceTree = "<group>"; };
		AAFE44631DDF60BB00922FB0 /* Post.swift */ = {isa = PBXFileReference; fileEncoding = 4; lastKnownFileType = sourcecode.swift; path = Post.swift; sourceTree = "<group>"; };
		AAFE44651DDF634800922FB0 /* PainLevel.swift */ = {isa = PBXFileReference; fileEncoding = 4; lastKnownFileType = sourcecode.swift; path = PainLevel.swift; sourceTree = "<group>"; };
		AAFE44671DDF68BE00922FB0 /* SymptomView.xib */ = {isa = PBXFileReference; fileEncoding = 4; lastKnownFileType = file.xib; path = SymptomView.xib; sourceTree = "<group>"; };
		AAFE44691DDF68E600922FB0 /* SymptomView.swift */ = {isa = PBXFileReference; fileEncoding = 4; lastKnownFileType = sourcecode.swift; path = SymptomView.swift; sourceTree = "<group>"; };
		B674039B1DF1CC2E00172ACD /* AppController.swift */ = {isa = PBXFileReference; fileEncoding = 4; lastKnownFileType = sourcecode.swift; path = AppController.swift; sourceTree = "<group>"; };
		B69466631DECCE3000F2E30C /* Assets.xcassets */ = {isa = PBXFileReference; lastKnownFileType = folder.assetcatalog; path = Assets.xcassets; sourceTree = "<group>"; };
		B69638D11DE602FD00FE7023 /* AddNotesViewController.swift */ = {isa = PBXFileReference; fileEncoding = 4; lastKnownFileType = sourcecode.swift; path = AddNotesViewController.swift; sourceTree = "<group>"; };
		B6ED5B351DDE4CDB00B56DFD /* TempViewController.swift */ = {isa = PBXFileReference; fileEncoding = 4; lastKnownFileType = sourcecode.swift; path = TempViewController.swift; sourceTree = "<group>"; };
		B6F44C071DEE080000995237 /* EditMemberSettingsViewController.swift */ = {isa = PBXFileReference; fileEncoding = 4; lastKnownFileType = sourcecode.swift; path = EditMemberSettingsViewController.swift; sourceTree = "<group>"; };
		BB14EBD61DED43A0004F6D56 /* HealthCore.xcdatamodel */ = {isa = PBXFileReference; lastKnownFileType = wrapper.xcdatamodel; path = HealthCore.xcdatamodel; sourceTree = "<group>"; };
		BB5CD3311DE6B41800D82BB3 /* SymptomsViewController.swift */ = {isa = PBXFileReference; fileEncoding = 4; lastKnownFileType = sourcecode.swift; path = SymptomsViewController.swift; sourceTree = "<group>"; };
		BB6DEDB41DE61C7D00D8B93A /* FamilySettingViewController.swift */ = {isa = PBXFileReference; fileEncoding = 4; lastKnownFileType = sourcecode.swift; path = FamilySettingViewController.swift; sourceTree = "<group>"; };
		BB6DEDB61DE61D9400D8B93A /* MemberSettingViewController.swift */ = {isa = PBXFileReference; fileEncoding = 4; lastKnownFileType = sourcecode.swift; path = MemberSettingViewController.swift; sourceTree = "<group>"; };
		BB7BF58A1DECD13C00F290FB /* LocalAuthentication.framework */ = {isa = PBXFileReference; lastKnownFileType = wrapper.framework; name = LocalAuthentication.framework; path = System/Library/Frameworks/LocalAuthentication.framework; sourceTree = SDKROOT; };
		BB9286841DDE3D2100D3D9A6 /* DataStore.swift */ = {isa = PBXFileReference; fileEncoding = 4; lastKnownFileType = sourcecode.swift; path = DataStore.swift; sourceTree = "<group>"; };
		BBF453B81DE34ACD00E054E9 /* Symptom.swift */ = {isa = PBXFileReference; fileEncoding = 4; lastKnownFileType = sourcecode.swift; path = Symptom.swift; sourceTree = "<group>"; };
		BBF453BA1DE34AF900E054E9 /* Person.swift */ = {isa = PBXFileReference; fileEncoding = 4; lastKnownFileType = sourcecode.swift; path = Person.swift; sourceTree = "<group>"; };
		BBF453BC1DE34B5100E054E9 /* GoogleService-Info.plist */ = {isa = PBXFileReference; fileEncoding = 4; lastKnownFileType = text.plist.xml; path = "GoogleService-Info.plist"; sourceTree = "<group>"; };
		BBF4EEB01DDF59D400EBD3FE /* LoginViewController.swift */ = {isa = PBXFileReference; fileEncoding = 4; lastKnownFileType = sourcecode.swift; path = LoginViewController.swift; sourceTree = "<group>"; };
		BBF4EEB21DDF59DC00EBD3FE /* RegisterViewController.swift */ = {isa = PBXFileReference; fileEncoding = 4; lastKnownFileType = sourcecode.swift; path = RegisterViewController.swift; sourceTree = "<group>"; };
		BBF4EEB41DDF59F900EBD3FE /* FamilyViewController.swift */ = {isa = PBXFileReference; fileEncoding = 4; lastKnownFileType = sourcecode.swift; path = FamilyViewController.swift; sourceTree = "<group>"; };
		BBF4EEB61DDF59FF00EBD3FE /* EventViewController.swift */ = {isa = PBXFileReference; fileEncoding = 4; lastKnownFileType = sourcecode.swift; path = EventViewController.swift; sourceTree = "<group>"; };
		BBF4EEB81DDF5A0600EBD3FE /* PostViewController.swift */ = {isa = PBXFileReference; fileEncoding = 4; lastKnownFileType = sourcecode.swift; path = PostViewController.swift; sourceTree = "<group>"; };
		D4BA12601A0F16DED58FEC5E /* Pods_emeraldHail.framework */ = {isa = PBXFileReference; explicitFileType = wrapper.framework; includeInIndex = 0; path = Pods_emeraldHail.framework; sourceTree = BUILT_PRODUCTS_DIR; };
		DD3BD97B1DE7B9A800311BE9 /* emeraldHail-Bridging-Header.h */ = {isa = PBXFileReference; lastKnownFileType = sourcecode.c.h; path = "emeraldHail-Bridging-Header.h"; sourceTree = SOURCE_ROOT; };
		DD3BD9821DEB7C2800311BE9 /* PainLevelCollectionViewCell.swift */ = {isa = PBXFileReference; fileEncoding = 4; lastKnownFileType = sourcecode.swift; path = PainLevelCollectionViewCell.swift; sourceTree = "<group>"; };
		DD755E191DE3A99F002478D0 /* AddMembersViewController.swift */ = {isa = PBXFileReference; fileEncoding = 4; lastKnownFileType = sourcecode.swift; path = AddMembersViewController.swift; sourceTree = "<group>"; };
		DD755E1B1DE3ACB2002478D0 /* emeraldHail.entitlements */ = {isa = PBXFileReference; lastKnownFileType = text.plist.entitlements; path = emeraldHail.entitlements; sourceTree = "<group>"; };
		DDA93D1F1DDE412000F0A4D4 /* Secrets.swift */ = {isa = PBXFileReference; fileEncoding = 4; lastKnownFileType = sourcecode.swift; path = Secrets.swift; sourceTree = "<group>"; };
		DDA93D211DDE508A00F0A4D4 /* PainLevelViewController.swift */ = {isa = PBXFileReference; fileEncoding = 4; lastKnownFileType = sourcecode.swift; path = PainLevelViewController.swift; sourceTree = "<group>"; };
		DDB88F861DEE1CD5002E9668 /* PainLevelView.xib */ = {isa = PBXFileReference; fileEncoding = 4; lastKnownFileType = file.xib; path = PainLevelView.xib; sourceTree = "<group>"; };
		DDB88F881DEE1CEC002E9668 /* PainLevelView.swift */ = {isa = PBXFileReference; fileEncoding = 4; lastKnownFileType = sourcecode.swift; path = PainLevelView.swift; sourceTree = "<group>"; };
		DDB88F8A1DEE1E03002E9668 /* PainLevelCell.swift */ = {isa = PBXFileReference; fileEncoding = 4; lastKnownFileType = sourcecode.swift; path = PainLevelCell.swift; sourceTree = "<group>"; };
		DDDE22411DF0A85D006B234C /* PhotoViewController.swift */ = {isa = PBXFileReference; fileEncoding = 4; lastKnownFileType = sourcecode.swift; path = PhotoViewController.swift; sourceTree = "<group>"; };
		DDDE22431DF0B811006B234C /* Photo.swift */ = {isa = PBXFileReference; fileEncoding = 4; lastKnownFileType = sourcecode.swift; path = Photo.swift; sourceTree = "<group>"; };
		DDDE22451DF0C479006B234C /* PhotoView.swift */ = {isa = PBXFileReference; fileEncoding = 4; lastKnownFileType = sourcecode.swift; path = PhotoView.swift; sourceTree = "<group>"; };
		DDDE22471DF0C486006B234C /* PhotoView.xib */ = {isa = PBXFileReference; fileEncoding = 4; lastKnownFileType = file.xib; path = PhotoView.xib; sourceTree = "<group>"; };
		DDDE22491DF0C4A5006B234C /* PhotoCell.swift */ = {isa = PBXFileReference; fileEncoding = 4; lastKnownFileType = sourcecode.swift; path = PhotoCell.swift; sourceTree = "<group>"; };
/* End PBXFileReference section */

/* Begin PBXFrameworksBuildPhase section */
		AA9FFBB11DDA667500847FCF /* Frameworks */ = {
			isa = PBXFrameworksBuildPhase;
			buildActionMask = 2147483647;
			files = (
				BB7BF58B1DECD13C00F290FB /* LocalAuthentication.framework in Frameworks */,
				209EA011342482AB2477F986 /* Pods_emeraldHail.framework in Frameworks */,
			);
			runOnlyForDeploymentPostprocessing = 0;
		};
/* End PBXFrameworksBuildPhase section */

/* Begin PBXGroup section */
		AA0BF2BC1DF4A8F00062FA36 /* AddMemberCollectionCell */ = {
			isa = PBXGroup;
			children = (
				AA0BF2BD1DF4A9190062FA36 /* AddMemberView.xib */,
				AA0BF2BF1DF4AA780062FA36 /* AddMemberView.swift */,
				AA0BF2C11DF4AB160062FA36 /* AddMemberCollectionViewCell.swift */,
			);
			name = AddMemberCollectionCell;
			sourceTree = "<group>";
		};
		AA0BF2C31DF5C1200062FA36 /* FamilyMemberCollectionCell */ = {
			isa = PBXGroup;
			children = (
				AA0BF2C41DF5C1540062FA36 /* FamilyMemberView.xib */,
				AA0BF2C61DF5C1900062FA36 /* FamilyMemberView.swift */,
			);
			name = FamilyMemberCollectionCell;
			sourceTree = "<group>";
		};
		AA2970FF1DEDDFC30062631D /* Post */ = {
			isa = PBXGroup;
			children = (
				AAFE44631DDF60BB00922FB0 /* Post.swift */,
				AA2970FB1DEDDEE70062631D /* Note.swift */,
				AA2970FD1DEDDF5C0062631D /* Temp.swift */,
				AA3985121DEFAAF90087F1BA /* Pain.swift */,
				AAC106051DF08CF4007E5116 /* Symp.swift */,
				DDDE22431DF0B811006B234C /* Photo.swift */,
			);
			name = Post;
			sourceTree = "<group>";
		};
		AA57AC561DEE5A4B00DCA9BF /* Temp */ = {
			isa = PBXGroup;
			children = (
				AAF109331DEE4BA700E6DE26 /* TempView.xib */,
				AA57AC521DEE4CDB00DCA9BF /* TempView.swift */,
				AA57AC541DEE4E9A00DCA9BF /* TempCell.swift */,
			);
			name = Temp;
			sourceTree = "<group>";
		};
		AA9892B31DEA31D60092F3A8 /* Note */ = {
			isa = PBXGroup;
			children = (
				AA9892AD1DEA1C290092F3A8 /* NoteView.xib */,
				AA9892AF1DEA1EA60092F3A8 /* NoteView.swift */,
				AA9892B11DEA2B760092F3A8 /* NoteCell.swift */,
			);
			name = Note;
			sourceTree = "<group>";
		};
		AA9FFBAB1DDA667500847FCF = {
			isa = PBXGroup;
			children = (
				AA9FFBB61DDA667500847FCF /* emeraldHail */,
				AA9FFBB51DDA667500847FCF /* Products */,
				CCB9A50487D0810C41F555DF /* Pods */,
				E2732CC3AAAB9CB28A1A3DE8 /* Frameworks */,
			);
			sourceTree = "<group>";
		};
		AA9FFBB51DDA667500847FCF /* Products */ = {
			isa = PBXGroup;
			children = (
				AA9FFBB41DDA667500847FCF /* emeraldHail.app */,
			);
			name = Products;
			sourceTree = "<group>";
		};
		AA9FFBB61DDA667500847FCF /* emeraldHail */ = {
			isa = PBXGroup;
			children = (
				DD755E1B1DE3ACB2002478D0 /* emeraldHail.entitlements */,
				BBF453BC1DE34B5100E054E9 /* GoogleService-Info.plist */,
				DD58FAE51DDBBB40004A7A22 /* Controllers */,
				DD58FAE41DDBBB1D004A7A22 /* View */,
				AA9FFBC91DDA6A8E00847FCF /* Model */,
				DD58FAE31DDBBB05004A7A22 /* Supporting Files */,
			);
			path = emeraldHail;
			sourceTree = "<group>";
		};
		AA9FFBC91DDA6A8E00847FCF /* Model */ = {
			isa = PBXGroup;
			children = (
				BB14EBD51DED43A0004F6D56 /* HealthCore.xcdatamodeld */,
				BB9286841DDE3D2100D3D9A6 /* DataStore.swift */,
				AA2970FF1DEDDFC30062631D /* Post */,
				BBF453B81DE34ACD00E054E9 /* Symptom.swift */,
				AAFE44651DDF634800922FB0 /* PainLevel.swift */,
				BBF453BA1DE34AF900E054E9 /* Person.swift */,
				DDA93D1F1DDE412000F0A4D4 /* Secrets.swift */,
				AA7ED5911DDF4C6F005F9AB2 /* Family.swift */,
				AA7ED5931DDF4D16005F9AB2 /* Member.swift */,
				AAFE445D1DDF5AE900922FB0 /* Event.swift */,
				AA2971001DEE05FA0062631D /* FamilyManager.swift */,
			);
			name = Model;
			sourceTree = "<group>";
		};
		AAE7D3EB1DEF6CBE00C59107 /* Symptom */ = {
			isa = PBXGroup;
			children = (
				AAFE44671DDF68BE00922FB0 /* SymptomView.xib */,
				AAFE44691DDF68E600922FB0 /* SymptomView.swift */,
				AAE7D3EC1DEF6DB300C59107 /* SymptomCell.swift */,
			);
			name = Symptom;
			sourceTree = "<group>";
		};
		CCB9A50487D0810C41F555DF /* Pods */ = {
			isa = PBXGroup;
			children = (
				A3EAC51EA2232492128E484E /* Pods-emeraldHail.debug.xcconfig */,
				83A9624BD961F0F9D407BD5A /* Pods-emeraldHail.release.xcconfig */,
			);
			name = Pods;
			sourceTree = "<group>";
		};
		DD58FAE31DDBBB05004A7A22 /* Supporting Files */ = {
			isa = PBXGroup;
			children = (
				B69466631DECCE3000F2E30C /* Assets.xcassets */,
				AA9FFBB71DDA667500847FCF /* AppDelegate.swift */,
				AA9FFBC01DDA667500847FCF /* LaunchScreen.storyboard */,
				AA9FFBC31DDA667500847FCF /* Info.plist */,
				AA6E4D221DE74B1400C8FEE3 /* Constants.swift */,
				DD3BD97B1DE7B9A800311BE9 /* emeraldHail-Bridging-Header.h */,
				AA8A59011DF3AFAB0079AE69 /* Extensions.swift */,
			);
			name = "Supporting Files";
			sourceTree = "<group>";
		};
		DD58FAE41DDBBB1D004A7A22 /* View */ = {
			isa = PBXGroup;
			children = (
				AA9FFBBB1DDA667500847FCF /* Main.storyboard */,
				AA0BF2C31DF5C1200062FA36 /* FamilyMemberCollectionCell */,
				AA0BF2BC1DF4A8F00062FA36 /* AddMemberCollectionCell */,
				DDDE22401DF0A776006B234C /* Photo */,
				DDB88F851DEE1CC0002E9668 /* PainLevel */,
				AAE7D3EB1DEF6CBE00C59107 /* Symptom */,
				AA9892B31DEA31D60092F3A8 /* Note */,
				AA57AC561DEE5A4B00DCA9BF /* Temp */,
			);
			name = View;
			sourceTree = "<group>";
		};
		DD58FAE51DDBBB40004A7A22 /* Controllers */ = {
			isa = PBXGroup;
			children = (
				B674039B1DF1CC2E00172ACD /* AppController.swift */,
				AA6E4D201DE7419B00C8FEE3 /* WelcomeViewController.swift */,
				BBF4EEB01DDF59D400EBD3FE /* LoginViewController.swift */,
				BBF4EEB21DDF59DC00EBD3FE /* RegisterViewController.swift */,
				BBF4EEB41DDF59F900EBD3FE /* FamilyViewController.swift */,
				BB6DEDB41DE61C7D00D8B93A /* FamilySettingViewController.swift */,
				BBF4EEB61DDF59FF00EBD3FE /* EventViewController.swift */,
				BB6DEDB61DE61D9400D8B93A /* MemberSettingViewController.swift */,
				DD755E191DE3A99F002478D0 /* AddMembersViewController.swift */,
				B6F44C071DEE080000995237 /* EditMemberSettingsViewController.swift */,
				BBF4EEB81DDF5A0600EBD3FE /* PostViewController.swift */,
				B69638D11DE602FD00FE7023 /* AddNotesViewController.swift */,
				B6ED5B351DDE4CDB00B56DFD /* TempViewController.swift */,
				DDA93D211DDE508A00F0A4D4 /* PainLevelViewController.swift */,
				BB5CD3311DE6B41800D82BB3 /* SymptomsViewController.swift */,
				AA0C2FE31DE8837700445229 /* HeaderCollectionReusableView.swift */,
				DDDE22411DF0A85D006B234C /* PhotoViewController.swift */,
			);
			name = Controllers;
			sourceTree = "<group>";
		};
		DDB88F851DEE1CC0002E9668 /* PainLevel */ = {
			isa = PBXGroup;
			children = (
				DD3BD9821DEB7C2800311BE9 /* PainLevelCollectionViewCell.swift */,
				DDB88F861DEE1CD5002E9668 /* PainLevelView.xib */,
				DDB88F881DEE1CEC002E9668 /* PainLevelView.swift */,
				DDB88F8A1DEE1E03002E9668 /* PainLevelCell.swift */,
			);
			name = PainLevel;
			sourceTree = "<group>";
		};
		DDDE22401DF0A776006B234C /* Photo */ = {
			isa = PBXGroup;
			children = (
				DDDE22471DF0C486006B234C /* PhotoView.xib */,
				DDDE22451DF0C479006B234C /* PhotoView.swift */,
				DDDE22491DF0C4A5006B234C /* PhotoCell.swift */,
			);
			name = Photo;
			sourceTree = "<group>";
		};
		E2732CC3AAAB9CB28A1A3DE8 /* Frameworks */ = {
			isa = PBXGroup;
			children = (
				BB7BF58A1DECD13C00F290FB /* LocalAuthentication.framework */,
				D4BA12601A0F16DED58FEC5E /* Pods_emeraldHail.framework */,
			);
			name = Frameworks;
			sourceTree = "<group>";
		};
/* End PBXGroup section */

/* Begin PBXNativeTarget section */
		AA9FFBB31DDA667500847FCF /* emeraldHail */ = {
			isa = PBXNativeTarget;
			buildConfigurationList = AA9FFBC61DDA667500847FCF /* Build configuration list for PBXNativeTarget "emeraldHail" */;
			buildPhases = (
				DD36893B953A5E8D51931FAA /* [CP] Check Pods Manifest.lock */,
				AA9FFBB01DDA667500847FCF /* Sources */,
				AA9FFBB11DDA667500847FCF /* Frameworks */,
				AA9FFBB21DDA667500847FCF /* Resources */,
				9154A9323CE69B71F80858C4 /* [CP] Embed Pods Frameworks */,
				B3D68ECEC00D64AB089045F6 /* [CP] Copy Pods Resources */,
			);
			buildRules = (
			);
			dependencies = (
			);
			name = emeraldHail;
			productName = emeraldHail;
			productReference = AA9FFBB41DDA667500847FCF /* emeraldHail.app */;
			productType = "com.apple.product-type.application";
		};
/* End PBXNativeTarget section */

/* Begin PBXProject section */
		AA9FFBAC1DDA667500847FCF /* Project object */ = {
			isa = PBXProject;
			attributes = {
				LastSwiftUpdateCheck = 0810;
				LastUpgradeCheck = 0810;
				ORGANIZATIONNAME = "Flatiron School";
				TargetAttributes = {
					AA9FFBB31DDA667500847FCF = {
						CreatedOnToolsVersion = 8.1;
						DevelopmentTeam = N2MERYPM36;
						LastSwiftMigration = 0810;
						ProvisioningStyle = Automatic;
						SystemCapabilities = {
							com.apple.Keychain = {
								enabled = 1;
							};
						};
					};
				};
			};
			buildConfigurationList = AA9FFBAF1DDA667500847FCF /* Build configuration list for PBXProject "emeraldHail" */;
			compatibilityVersion = "Xcode 3.2";
			developmentRegion = English;
			hasScannedForEncodings = 0;
			knownRegions = (
				en,
				Base,
			);
			mainGroup = AA9FFBAB1DDA667500847FCF;
			productRefGroup = AA9FFBB51DDA667500847FCF /* Products */;
			projectDirPath = "";
			projectRoot = "";
			targets = (
				AA9FFBB31DDA667500847FCF /* emeraldHail */,
			);
		};
/* End PBXProject section */

/* Begin PBXResourcesBuildPhase section */
		AA9FFBB21DDA667500847FCF /* Resources */ = {
			isa = PBXResourcesBuildPhase;
			buildActionMask = 2147483647;
			files = (
				AA9892AE1DEA1C290092F3A8 /* NoteView.xib in Resources */,
				AA9FFBC21DDA667500847FCF /* LaunchScreen.storyboard in Resources */,
				BBF453BD1DE34B5100E054E9 /* GoogleService-Info.plist in Resources */,
				AAFE44681DDF68BE00922FB0 /* SymptomView.xib in Resources */,
				AA0BF2BE1DF4A9190062FA36 /* AddMemberView.xib in Resources */,
				DDB88F871DEE1CD5002E9668 /* PainLevelView.xib in Resources */,
				DDDE22481DF0C486006B234C /* PhotoView.xib in Resources */,
				AA0BF2C51DF5C1540062FA36 /* FamilyMemberView.xib in Resources */,
				B69466641DECCE3000F2E30C /* Assets.xcassets in Resources */,
				AAF109341DEE4BA700E6DE26 /* TempView.xib in Resources */,
				AA9FFBBD1DDA667500847FCF /* Main.storyboard in Resources */,
			);
			runOnlyForDeploymentPostprocessing = 0;
		};
/* End PBXResourcesBuildPhase section */

/* Begin PBXShellScriptBuildPhase section */
		9154A9323CE69B71F80858C4 /* [CP] Embed Pods Frameworks */ = {
			isa = PBXShellScriptBuildPhase;
			buildActionMask = 2147483647;
			files = (
			);
			inputPaths = (
			);
			name = "[CP] Embed Pods Frameworks";
			outputPaths = (
			);
			runOnlyForDeploymentPostprocessing = 0;
			shellPath = /bin/sh;
			shellScript = "\"${SRCROOT}/Pods/Target Support Files/Pods-emeraldHail/Pods-emeraldHail-frameworks.sh\"\n";
			showEnvVarsInLog = 0;
		};
		B3D68ECEC00D64AB089045F6 /* [CP] Copy Pods Resources */ = {
			isa = PBXShellScriptBuildPhase;
			buildActionMask = 2147483647;
			files = (
			);
			inputPaths = (
			);
			name = "[CP] Copy Pods Resources";
			outputPaths = (
			);
			runOnlyForDeploymentPostprocessing = 0;
			shellPath = /bin/sh;
			shellScript = "\"${SRCROOT}/Pods/Target Support Files/Pods-emeraldHail/Pods-emeraldHail-resources.sh\"\n";
			showEnvVarsInLog = 0;
		};
		DD36893B953A5E8D51931FAA /* [CP] Check Pods Manifest.lock */ = {
			isa = PBXShellScriptBuildPhase;
			buildActionMask = 2147483647;
			files = (
			);
			inputPaths = (
			);
			name = "[CP] Check Pods Manifest.lock";
			outputPaths = (
			);
			runOnlyForDeploymentPostprocessing = 0;
			shellPath = /bin/sh;
			shellScript = "diff \"${PODS_ROOT}/../Podfile.lock\" \"${PODS_ROOT}/Manifest.lock\" > /dev/null\nif [[ $? != 0 ]] ; then\n    cat << EOM\nerror: The sandbox is not in sync with the Podfile.lock. Run 'pod install' or update your CocoaPods installation.\nEOM\n    exit 1\nfi\n";
			showEnvVarsInLog = 0;
		};
/* End PBXShellScriptBuildPhase section */

/* Begin PBXSourcesBuildPhase section */
		AA9FFBB01DDA667500847FCF /* Sources */ = {
			isa = PBXSourcesBuildPhase;
			buildActionMask = 2147483647;
			files = (
				B6ED5B361DDE4CDB00B56DFD /* TempViewController.swift in Sources */,
				DDDE224A1DF0C4A5006B234C /* PhotoCell.swift in Sources */,
				AAFE44661DDF634800922FB0 /* PainLevel.swift in Sources */,
				AAE7D3ED1DEF6DB300C59107 /* SymptomCell.swift in Sources */,
				DDB88F8B1DEE1E03002E9668 /* PainLevelCell.swift in Sources */,
				B6F44C081DEE080000995237 /* EditMemberSettingsViewController.swift in Sources */,
				BB6DEDB71DE61D9400D8B93A /* MemberSettingViewController.swift in Sources */,
				DDB88F891DEE1CEC002E9668 /* PainLevelView.swift in Sources */,
				AAFE445E1DDF5AE900922FB0 /* Event.swift in Sources */,
				DD3BD9831DEB7C2800311BE9 /* PainLevelCollectionViewCell.swift in Sources */,
				BB14EBD71DED43A0004F6D56 /* HealthCore.xcdatamodeld in Sources */,
				AA6E4D231DE74B1400C8FEE3 /* Constants.swift in Sources */,
				DDDE22421DF0A85D006B234C /* PhotoViewController.swift in Sources */,
				AAFE44641DDF60BB00922FB0 /* Post.swift in Sources */,
				AA57AC551DEE4E9A00DCA9BF /* TempCell.swift in Sources */,
				BBF4EEB31DDF59DC00EBD3FE /* RegisterViewController.swift in Sources */,
				AA0BF2C21DF4AB160062FA36 /* AddMemberCollectionViewCell.swift in Sources */,
				AA2970FE1DEDDF5C0062631D /* Temp.swift in Sources */,
				DD755E1A1DE3A99F002478D0 /* AddMembersViewController.swift in Sources */,
				AAC106061DF08CF4007E5116 /* Symp.swift in Sources */,
				AA3985131DEFAAF90087F1BA /* Pain.swift in Sources */,
				BBF4EEB91DDF5A0600EBD3FE /* PostViewController.swift in Sources */,
				DDA93D221DDE508A00F0A4D4 /* PainLevelViewController.swift in Sources */,
				AAFE446A1DDF68E600922FB0 /* SymptomView.swift in Sources */,
				BB9286851DDE3D2100D3D9A6 /* DataStore.swift in Sources */,
				AA6E4D211DE7419B00C8FEE3 /* WelcomeViewController.swift in Sources */,
				AA9892B01DEA1EA60092F3A8 /* NoteView.swift in Sources */,
				BBF453BB1DE34AF900E054E9 /* Person.swift in Sources */,
				DDDE22441DF0B811006B234C /* Photo.swift in Sources */,
				AA2971011DEE05FA0062631D /* FamilyManager.swift in Sources */,
				DDDE22461DF0C479006B234C /* PhotoView.swift in Sources */,
				BBF4EEB71DDF59FF00EBD3FE /* EventViewController.swift in Sources */,
				DDA93D201DDE412000F0A4D4 /* Secrets.swift in Sources */,
				AA7ED5921DDF4C6F005F9AB2 /* Family.swift in Sources */,
				BB6DEDB51DE61C7D00D8B93A /* FamilySettingViewController.swift in Sources */,
				BBF4EEB11DDF59D400EBD3FE /* LoginViewController.swift in Sources */,
				BBF4EEB51DDF59F900EBD3FE /* FamilyViewController.swift in Sources */,
				B69638D21DE602FD00FE7023 /* AddNotesViewController.swift in Sources */,
				AA0BF2C71DF5C1900062FA36 /* FamilyMemberView.swift in Sources */,
				BB5CD3321DE6B41800D82BB3 /* SymptomsViewController.swift in Sources */,
				AA9FFBB81DDA667500847FCF /* AppDelegate.swift in Sources */,
				AA2970FC1DEDDEE70062631D /* Note.swift in Sources */,
				AA7ED5941DDF4D16005F9AB2 /* Member.swift in Sources */,
				AA0C2FE51DE8837700445229 /* HeaderCollectionReusableView.swift in Sources */,
				AA0BF2C01DF4AA780062FA36 /* AddMemberView.swift in Sources */,
				BBF453B91DE34ACD00E054E9 /* Symptom.swift in Sources */,
				AA8A59021DF3AFAB0079AE69 /* Extensions.swift in Sources */,
				AA57AC531DEE4CDB00DCA9BF /* TempView.swift in Sources */,
				AA9892B21DEA2B760092F3A8 /* NoteCell.swift in Sources */,
				B674039C1DF1CC2E00172ACD /* AppController.swift in Sources */,
			);
			runOnlyForDeploymentPostprocessing = 0;
		};
/* End PBXSourcesBuildPhase section */

/* Begin PBXVariantGroup section */
		AA9FFBBB1DDA667500847FCF /* Main.storyboard */ = {
			isa = PBXVariantGroup;
			children = (
				AA9FFBBC1DDA667500847FCF /* Base */,
			);
			name = Main.storyboard;
			sourceTree = "<group>";
		};
		AA9FFBC01DDA667500847FCF /* LaunchScreen.storyboard */ = {
			isa = PBXVariantGroup;
			children = (
				AA9FFBC11DDA667500847FCF /* Base */,
			);
			name = LaunchScreen.storyboard;
			sourceTree = "<group>";
		};
/* End PBXVariantGroup section */

/* Begin XCBuildConfiguration section */
		AA9FFBC41DDA667500847FCF /* Debug */ = {
			isa = XCBuildConfiguration;
			buildSettings = {
				ALWAYS_SEARCH_USER_PATHS = NO;
				CLANG_ANALYZER_NONNULL = YES;
				CLANG_CXX_LANGUAGE_STANDARD = "gnu++0x";
				CLANG_CXX_LIBRARY = "libc++";
				CLANG_ENABLE_MODULES = YES;
				CLANG_ENABLE_OBJC_ARC = YES;
				CLANG_WARN_BOOL_CONVERSION = YES;
				CLANG_WARN_CONSTANT_CONVERSION = YES;
				CLANG_WARN_DIRECT_OBJC_ISA_USAGE = YES_ERROR;
				CLANG_WARN_DOCUMENTATION_COMMENTS = YES;
				CLANG_WARN_EMPTY_BODY = YES;
				CLANG_WARN_ENUM_CONVERSION = YES;
				CLANG_WARN_INFINITE_RECURSION = YES;
				CLANG_WARN_INT_CONVERSION = YES;
				CLANG_WARN_OBJC_ROOT_CLASS = YES_ERROR;
				CLANG_WARN_SUSPICIOUS_MOVE = YES;
				CLANG_WARN_SUSPICIOUS_MOVES = YES;
				CLANG_WARN_UNREACHABLE_CODE = YES;
				CLANG_WARN__DUPLICATE_METHOD_MATCH = YES;
				"CODE_SIGN_IDENTITY[sdk=iphoneos*]" = "iPhone Developer";
				COPY_PHASE_STRIP = NO;
				DEBUG_INFORMATION_FORMAT = dwarf;
				ENABLE_STRICT_OBJC_MSGSEND = YES;
				ENABLE_TESTABILITY = YES;
				GCC_C_LANGUAGE_STANDARD = gnu99;
				GCC_DYNAMIC_NO_PIC = NO;
				GCC_NO_COMMON_BLOCKS = YES;
				GCC_OPTIMIZATION_LEVEL = 0;
				GCC_PREPROCESSOR_DEFINITIONS = (
					"DEBUG=1",
					"$(inherited)",
				);
				GCC_WARN_64_TO_32_BIT_CONVERSION = YES;
				GCC_WARN_ABOUT_RETURN_TYPE = YES_ERROR;
				GCC_WARN_UNDECLARED_SELECTOR = YES;
				GCC_WARN_UNINITIALIZED_AUTOS = YES_AGGRESSIVE;
				GCC_WARN_UNUSED_FUNCTION = YES;
				GCC_WARN_UNUSED_VARIABLE = YES;
				IPHONEOS_DEPLOYMENT_TARGET = 10.1;
				MTL_ENABLE_DEBUG_INFO = YES;
				ONLY_ACTIVE_ARCH = YES;
				SDKROOT = iphoneos;
				SWIFT_ACTIVE_COMPILATION_CONDITIONS = DEBUG;
				SWIFT_OPTIMIZATION_LEVEL = "-Onone";
			};
			name = Debug;
		};
		AA9FFBC51DDA667500847FCF /* Release */ = {
			isa = XCBuildConfiguration;
			buildSettings = {
				ALWAYS_SEARCH_USER_PATHS = NO;
				CLANG_ANALYZER_NONNULL = YES;
				CLANG_CXX_LANGUAGE_STANDARD = "gnu++0x";
				CLANG_CXX_LIBRARY = "libc++";
				CLANG_ENABLE_MODULES = YES;
				CLANG_ENABLE_OBJC_ARC = YES;
				CLANG_WARN_BOOL_CONVERSION = YES;
				CLANG_WARN_CONSTANT_CONVERSION = YES;
				CLANG_WARN_DIRECT_OBJC_ISA_USAGE = YES_ERROR;
				CLANG_WARN_DOCUMENTATION_COMMENTS = YES;
				CLANG_WARN_EMPTY_BODY = YES;
				CLANG_WARN_ENUM_CONVERSION = YES;
				CLANG_WARN_INFINITE_RECURSION = YES;
				CLANG_WARN_INT_CONVERSION = YES;
				CLANG_WARN_OBJC_ROOT_CLASS = YES_ERROR;
				CLANG_WARN_SUSPICIOUS_MOVE = YES;
				CLANG_WARN_SUSPICIOUS_MOVES = YES;
				CLANG_WARN_UNREACHABLE_CODE = YES;
				CLANG_WARN__DUPLICATE_METHOD_MATCH = YES;
				"CODE_SIGN_IDENTITY[sdk=iphoneos*]" = "iPhone Developer";
				COPY_PHASE_STRIP = NO;
				DEBUG_INFORMATION_FORMAT = "dwarf-with-dsym";
				ENABLE_NS_ASSERTIONS = NO;
				ENABLE_STRICT_OBJC_MSGSEND = YES;
				GCC_C_LANGUAGE_STANDARD = gnu99;
				GCC_NO_COMMON_BLOCKS = YES;
				GCC_WARN_64_TO_32_BIT_CONVERSION = YES;
				GCC_WARN_ABOUT_RETURN_TYPE = YES_ERROR;
				GCC_WARN_UNDECLARED_SELECTOR = YES;
				GCC_WARN_UNINITIALIZED_AUTOS = YES_AGGRESSIVE;
				GCC_WARN_UNUSED_FUNCTION = YES;
				GCC_WARN_UNUSED_VARIABLE = YES;
				IPHONEOS_DEPLOYMENT_TARGET = 10.1;
				MTL_ENABLE_DEBUG_INFO = NO;
				SDKROOT = iphoneos;
				SWIFT_OPTIMIZATION_LEVEL = "-Owholemodule";
				VALIDATE_PRODUCT = YES;
			};
			name = Release;
		};
		AA9FFBC71DDA667500847FCF /* Debug */ = {
			isa = XCBuildConfiguration;
			baseConfigurationReference = A3EAC51EA2232492128E484E /* Pods-emeraldHail.debug.xcconfig */;
			buildSettings = {
				ASSETCATALOG_COMPILER_APPICON_NAME = AppIcon;
				CLANG_ENABLE_MODULES = YES;
				CODE_SIGN_ENTITLEMENTS = emeraldHail/emeraldHail.entitlements;
				DEVELOPMENT_TEAM = N2MERYPM36;
				INFOPLIST_FILE = emeraldHail/Info.plist;
				IPHONEOS_DEPLOYMENT_TARGET = 10.0;
				LD_RUNPATH_SEARCH_PATHS = "$(inherited) @executable_path/Frameworks";
				PRODUCT_BUNDLE_IDENTIFIER = com.flatironschool.emeraldHail;
				PRODUCT_NAME = "$(TARGET_NAME)";
				SWIFT_OBJC_BRIDGING_HEADER = "emeraldHail-Bridging-Header.h";
				SWIFT_OPTIMIZATION_LEVEL = "-Onone";
				SWIFT_VERSION = 3.0;
			};
			name = Debug;
		};
		AA9FFBC81DDA667500847FCF /* Release */ = {
			isa = XCBuildConfiguration;
			baseConfigurationReference = 83A9624BD961F0F9D407BD5A /* Pods-emeraldHail.release.xcconfig */;
			buildSettings = {
				ASSETCATALOG_COMPILER_APPICON_NAME = AppIcon;
				CLANG_ENABLE_MODULES = YES;
				CODE_SIGN_ENTITLEMENTS = emeraldHail/emeraldHail.entitlements;
				DEVELOPMENT_TEAM = N2MERYPM36;
				INFOPLIST_FILE = emeraldHail/Info.plist;
				IPHONEOS_DEPLOYMENT_TARGET = 10.0;
				LD_RUNPATH_SEARCH_PATHS = "$(inherited) @executable_path/Frameworks";
				PRODUCT_BUNDLE_IDENTIFIER = com.flatironschool.emeraldHail;
				PRODUCT_NAME = "$(TARGET_NAME)";
				SWIFT_OBJC_BRIDGING_HEADER = "emeraldHail-Bridging-Header.h";
				SWIFT_VERSION = 3.0;
			};
			name = Release;
		};
/* End XCBuildConfiguration section */

/* Begin XCConfigurationList section */
		AA9FFBAF1DDA667500847FCF /* Build configuration list for PBXProject "emeraldHail" */ = {
			isa = XCConfigurationList;
			buildConfigurations = (
				AA9FFBC41DDA667500847FCF /* Debug */,
				AA9FFBC51DDA667500847FCF /* Release */,
			);
			defaultConfigurationIsVisible = 0;
			defaultConfigurationName = Release;
		};
		AA9FFBC61DDA667500847FCF /* Build configuration list for PBXNativeTarget "emeraldHail" */ = {
			isa = XCConfigurationList;
			buildConfigurations = (
				AA9FFBC71DDA667500847FCF /* Debug */,
				AA9FFBC81DDA667500847FCF /* Release */,
			);
			defaultConfigurationIsVisible = 0;
			defaultConfigurationName = Release;
		};
/* End XCConfigurationList section */

/* Begin XCVersionGroup section */
		BB14EBD51DED43A0004F6D56 /* HealthCore.xcdatamodeld */ = {
			isa = XCVersionGroup;
			children = (
				BB14EBD61DED43A0004F6D56 /* HealthCore.xcdatamodel */,
			);
			currentVersion = BB14EBD61DED43A0004F6D56 /* HealthCore.xcdatamodel */;
			path = HealthCore.xcdatamodeld;
			sourceTree = "<group>";
			versionGroupType = wrapper.xcdatamodel;
		};
/* End XCVersionGroup section */
	};
	rootObject = AA9FFBAC1DDA667500847FCF /* Project object */;
}
